// !$*UTF8*$!
{
	archiveVersion = 1;
	classes = {
	};
	objectVersion = 50;
	objects = {

/* Begin PBXBuildFile section */
		9ED5025025F54D3500F6B334 /* VerticalPageTabApp.swift in Sources */ = {isa = PBXBuildFile; fileRef = 9ED5024F25F54D3500F6B334 /* VerticalPageTabApp.swift */; };
		9ED5025225F54D3500F6B334 /* ContentView.swift in Sources */ = {isa = PBXBuildFile; fileRef = 9ED5025125F54D3500F6B334 /* ContentView.swift */; };
		9ED5025425F54D3900F6B334 /* Assets.xcassets in Resources */ = {isa = PBXBuildFile; fileRef = 9ED5025325F54D3900F6B334 /* Assets.xcassets */; };
		9ED5025725F54D3900F6B334 /* Preview Assets.xcassets in Resources */ = {isa = PBXBuildFile; fileRef = 9ED5025625F54D3900F6B334 /* Preview Assets.xcassets */; };
		9ED5026225F54D5400F6B334 /* Home.swift in Sources */ = {isa = PBXBuildFile; fileRef = 9ED5026125F54D5400F6B334 /* Home.swift */; };
/* End PBXBuildFile section */

/* Begin PBXFileReference section */
		9ED5024C25F54D3500F6B334 /* VerticalPageTab.app */ = {isa = PBXFileReference; explicitFileType = wrapper.application; includeInIndex = 0; path = VerticalPageTab.app; sourceTree = BUILT_PRODUCTS_DIR; };
		9ED5024F25F54D3500F6B334 /* VerticalPageTabApp.swift */ = {isa = PBXFileReference; lastKnownFileType = sourcecode.swift; path = VerticalPageTabApp.swift; sourceTree = "<group>"; };
		9ED5025125F54D3500F6B334 /* ContentView.swift */ = {isa = PBXFileReference; lastKnownFileType = sourcecode.swift; path = ContentView.swift; sourceTree = "<group>"; };
		9ED5025325F54D3900F6B334 /* Assets.xcassets */ = {isa = PBXFileReference; lastKnownFileType = folder.assetcatalog; path = Assets.xcassets; sourceTree = "<group>"; };
		9ED5025625F54D3900F6B334 /* Preview Assets.xcassets */ = {isa = PBXFileReference; lastKnownFileType = folder.assetcatalog; path = "Preview Assets.xcassets"; sourceTree = "<group>"; };
		9ED5025825F54D3900F6B334 /* Info.plist */ = {isa = PBXFileReference; lastKnownFileType = text.plist.xml; path = Info.plist; sourceTree = "<group>"; };
		9ED5026125F54D5400F6B334 /* Home.swift */ = {isa = PBXFileReference; lastKnownFileType = sourcecode.swift; path = Home.swift; sourceTree = "<group>"; };
/* End PBXFileReference section */

/* Begin PBXFrameworksBuildPhase section */
		9ED5024925F54D3500F6B334 /* Frameworks */ = {
			isa = PBXFrameworksBuildPhase;
			buildActionMask = 2147483647;
			files = (
			);
			runOnlyForDeploymentPostprocessing = 0;
		};
/* End PBXFrameworksBuildPhase section */

/* Begin PBXGroup section */
		9ED5024325F54D3500F6B334 = {
			isa = PBXGroup;
			children = (
				9ED5024E25F54D3500F6B334 /* VerticalPageTab */,
				9ED5024D25F54D3500F6B334 /* Products */,
			);
			sourceTree = "<group>";
		};
		9ED5024D25F54D3500F6B334 /* Products */ = {
			isa = PBXGroup;
			children = (
				9ED5024C25F54D3500F6B334 /* VerticalPageTab.app */,
			);
			name = Products;
			sourceTree = "<group>";
		};
		9ED5024E25F54D3500F6B334 /* VerticalPageTab */ = {
			isa = PBXGroup;
			children = (
				9ED5025F25F54D4C00F6B334 /* View */,
				9ED5024F25F54D3500F6B334 /* VerticalPageTabApp.swift */,
				9ED5025125F54D3500F6B334 /* ContentView.swift */,
				9ED5025325F54D3900F6B334 /* Assets.xcassets */,
				9ED5025825F54D3900F6B334 /* Info.plist */,
				9ED5025525F54D3900F6B334 /* Preview Content */,
			);
			path = VerticalPageTab;
			sourceTree = "<group>";
		};
		9ED5025525F54D3900F6B334 /* Preview Content */ = {
			isa = PBXGroup;
			children = (
				9ED5025625F54D3900F6B334 /* Preview Assets.xcassets */,
			);
			path = "Preview Content";
			sourceTree = "<group>";
		};
		9ED5025F25F54D4C00F6B334 /* View */ = {
			isa = PBXGroup;
			children = (
				9ED5026125F54D5400F6B334 /* Home.swift */,
			);
			path = View;
			sourceTree = "<group>";
		};
/* End PBXGroup section */

/* Begin PBXNativeTarget section */
		9ED5024B25F54D3500F6B334 /* VerticalPageTab */ = {
			isa = PBXNativeTarget;
			buildConfigurationList = 9ED5025B25F54D3900F6B334 /* Build configuration list for PBXNativeTarget "VerticalPageTab" */;
			buildPhases = (
				9ED5024825F54D3500F6B334 /* Sources */,
				9ED5024925F54D3500F6B334 /* Frameworks */,
				9ED5024A25F54D3500F6B334 /* Resources */,
			);
			buildRules = (
			);
			dependencies = (
			);
			name = VerticalPageTab;
			productName = VerticalPageTab;
			productReference = 9ED5024C25F54D3500F6B334 /* VerticalPageTab.app */;
			productType = "com.apple.product-type.application";
		};
/* End PBXNativeTarget section */

/* Begin PBXProject section */
		9ED5024425F54D3500F6B334 /* Project object */ = {
			isa = PBXProject;
			attributes = {
				LastSwiftUpdateCheck = 1240;
				LastUpgradeCheck = 1240;
				TargetAttributes = {
					9ED5024B25F54D3500F6B334 = {
						CreatedOnToolsVersion = 12.4;
					};
				};
			};
			buildConfigurationList = 9ED5024725F54D3500F6B334 /* Build configuration list for PBXProject "VerticalPageTab" */;
			compatibilityVersion = "Xcode 9.3";
			developmentRegion = en;
			hasScannedForEncodings = 0;
			knownRegions = (
				en,
				Base,
			);
			mainGroup = 9ED5024325F54D3500F6B334;
			productRefGroup = 9ED5024D25F54D3500F6B334 /* Products */;
			projectDirPath = "";
			projectRoot = "";
			targets = (
				9ED5024B25F54D3500F6B334 /* VerticalPageTab */,
			);
		};
/* End PBXProject section */

/* Begin PBXResourcesBuildPhase section */
		9ED5024A25F54D3500F6B334 /* Resources */ = {
			isa = PBXResourcesBuildPhase;
			buildActionMask = 2147483647;
			files = (
				9ED5025725F54D3900F6B334 /* Preview Assets.xcassets in Resources */,
				9ED5025425F54D3900F6B334 /* Assets.xcassets in Resources */,
			);
			runOnlyForDeploymentPostprocessing = 0;
		};
/* End PBXResourcesBuildPhase section */

/* Begin PBXSourcesBuildPhase section */
		9ED5024825F54D3500F6B334 /* Sources */ = {
			isa = PBXSourcesBuildPhase;
			buildActionMask = 2147483647;
			files = (
				9ED5025225F54D3500F6B334 /* ContentView.swift in Sources */,
				9ED5026225F54D5400F6B334 /* Home.swift in Sources */,
				9ED5025025F54D3500F6B334 /* VerticalPageTabApp.swift in Sources */,
			);
			runOnlyForDeploymentPostprocessing = 0;
		};
/* End PBXSourcesBuildPhase section */

/* Begin XCBuildConfiguration section */
		9ED5025925F54D3900F6B334 /* Debug */ = {
			isa = XCBuildConfiguration;
			buildSettings = {
				ALWAYS_SEARCH_USER_PATHS = NO;
				CLANG_ANALYZER_NONNULL = YES;
				CLANG_ANALYZER_NUMBER_OBJECT_CONVERSION = YES_AGGRESSIVE;
				CLANG_CXX_LANGUAGE_STANDARD = "gnu++14";
				CLANG_CXX_LIBRARY = "libc++";
				CLANG_ENABLE_MODULES = YES;
				CLANG_ENABLE_OBJC_ARC = YES;
				CLANG_ENABLE_OBJC_WEAK = YES;
				CLANG_WARN_BLOCK_CAPTURE_AUTORELEASING = YES;
				CLANG_WARN_BOOL_CONVERSION = YES;
				CLANG_WARN_COMMA = YES;
				CLANG_WARN_CONSTANT_CONVERSION = YES;
				CLANG_WARN_DEPRECATED_OBJC_IMPLEMENTATIONS = YES;
				CLANG_WARN_DIRECT_OBJC_ISA_USAGE = YES_ERROR;
				CLANG_WARN_DOCUMENTATION_COMMENTS = YES;
				CLANG_WARN_EMPTY_BODY = YES;
				CLANG_WARN_ENUM_CONVERSION = YES;
				CLANG_WARN_INFINITE_RECURSION = YES;
				CLANG_WARN_INT_CONVERSION = YES;
				CLANG_WARN_NON_LITERAL_NULL_CONVERSION = YES;
				CLANG_WARN_OBJC_IMPLICIT_RETAIN_SELF = YES;
				CLANG_WARN_OBJC_LITERAL_CONVERSION = YES;
				CLANG_WARN_OBJC_ROOT_CLASS = YES_ERROR;
				CLANG_WARN_QUOTED_INCLUDE_IN_FRAMEWORK_HEADER = YES;
				CLANG_WARN_RANGE_LOOP_ANALYSIS = YES;
				CLANG_WARN_STRICT_PROTOTYPES = YES;
				CLANG_WARN_SUSPICIOUS_MOVE = YES;
				CLANG_WARN_UNGUARDED_AVAILABILITY = YES_AGGRESSIVE;
				CLANG_WARN_UNREACHABLE_CODE = YES;
				CLANG_WARN__DUPLICATE_METHOD_MATCH = YES;
				COPY_PHASE_STRIP = NO;
				DEBUG_INFORMATION_FORMAT = dwarf;
				ENABLE_STRICT_OBJC_MSGSEND = YES;
				ENABLE_TESTABILITY = YES;
				GCC_C_LANGUAGE_STANDARD = gnu11;
				GCC_DYNAMIC_NO_PIC = NO;
				GCC_NO_COMMON_BLOCKS = YES;
				GCC_OPTIMIZATION_LEVEL = 0;
				GCC_PREPROCESSOR_DEFINITIONS = (
					"DEBUG=1",
					"$(inherited)",
				);
				GCC_WARN_64_TO_32_BIT_CONVERSION = YES;
				GCC_WARN_ABOUT_RETURN_TYPE = YES_ERROR;
				GCC_WARN_UNDECLARED_SELECTOR = YES;
				GCC_WARN_UNINITIALIZED_AUTOS = YES_AGGRESSIVE;
				GCC_WARN_UNUSED_FUNCTION = YES;
				GCC_WARN_UNUSED_VARIABLE = YES;
				IPHONEOS_DEPLOYMENT_TARGET = 14.4;
				MTL_ENABLE_DEBUG_INFO = INCLUDE_SOURCE;
				MTL_FAST_MATH = YES;
				ONLY_ACTIVE_ARCH = YES;
				SDKROOT = iphoneos;
				SWIFT_ACTIVE_COMPILATION_CONDITIONS = DEBUG;
				SWIFT_OPTIMIZATION_LEVEL = "-Onone";
			};
			name = Debug;
		};
		9ED5025A25F54D3900F6B334 /* Release */ = {
			isa = XCBuildConfiguration;
			buildSettings = {
				ALWAYS_SEARCH_USER_PATHS = NO;
				CLANG_ANALYZER_NONNULL = YES;
				CLANG_ANALYZER_NUMBER_OBJECT_CONVERSION = YES_AGGRESSIVE;
				CLANG_CXX_LANGUAGE_STANDARD = "gnu++14";
				CLANG_CXX_LIBRARY = "libc++";
				CLANG_ENABLE_MODULES = YES;
				CLANG_ENABLE_OBJC_ARC = YES;
				CLANG_ENABLE_OBJC_WEAK = YES;
				CLANG_WARN_BLOCK_CAPTURE_AUTORELEASING = YES;
				CLANG_WARN_BOOL_CONVERSION = YES;
				CLANG_WARN_COMMA = YES;
				CLANG_WARN_CONSTANT_CONVERSION = YES;
				CLANG_WARN_DEPRECATED_OBJC_IMPLEMENTATIONS = YES;
				CLANG_WARN_DIRECT_OBJC_ISA_USAGE = YES_ERROR;
				CLANG_WARN_DOCUMENTATION_COMMENTS = YES;
				CLANG_WARN_EMPTY_BODY = YES;
				CLANG_WARN_ENUM_CONVERSION = YES;
				CLANG_WARN_INFINITE_RECURSION = YES;
				CLANG_WARN_INT_CONVERSION = YES;
				CLANG_WARN_NON_LITERAL_NULL_CONVERSION = YES;
				CLANG_WARN_OBJC_IMPLICIT_RETAIN_SELF = YES;
				CLANG_WARN_OBJC_LITERAL_CONVERSION = YES;
				CLANG_WARN_OBJC_ROOT_CLASS = YES_ERROR;
				CLANG_WARN_QUOTED_INCLUDE_IN_FRAMEWORK_HEADER = YES;
				CLANG_WARN_RANGE_LOOP_ANALYSIS = YES;
				CLANG_WARN_STRICT_PROTOTYPES = YES;
				CLANG_WARN_SUSPICIOUS_MOVE = YES;
				CLANG_WARN_UNGUARDED_AVAILABILITY = YES_AGGRESSIVE;
				CLANG_WARN_UNREACHABLE_CODE = YES;
				CLANG_WARN__DUPLICATE_METHOD_MATCH = YES;
				COPY_PHASE_STRIP = NO;
				DEBUG_INFORMATION_FORMAT = "dwarf-with-dsym";
				ENABLE_NS_ASSERTIONS = NO;
				ENABLE_STRICT_OBJC_MSGSEND = YES;
				GCC_C_LANGUAGE_STANDARD = gnu11;
				GCC_NO_COMMON_BLOCKS = YES;
				GCC_WARN_64_TO_32_BIT_CONVERSION = YES;
				GCC_WARN_ABOUT_RETURN_TYPE = YES_ERROR;
				GCC_WARN_UNDECLARED_SELECTOR = YES;
				GCC_WARN_UNINITIALIZED_AUTOS = YES_AGGRESSIVE;
				GCC_WARN_UNUSED_FUNCTION = YES;
				GCC_WARN_UNUSED_VARIABLE = YES;
				IPHONEOS_DEPLOYMENT_TARGET = 14.4;
				MTL_ENABLE_DEBUG_INFO = NO;
				MTL_FAST_MATH = YES;
				SDKROOT = iphoneos;
				SWIFT_COMPILATION_MODE = wholemodule;
				SWIFT_OPTIMIZATION_LEVEL = "-O";
				VALIDATE_PRODUCT = YES;
			};
			name = Release;
		};
		9ED5025C25F54D3900F6B334 /* Debug */ = {
			isa = XCBuildConfiguration;
			buildSettings = {
				ASSETCATALOG_COMPILER_APPICON_NAME = AppIcon;
				ASSETCATALOG_COMPILER_GLOBAL_ACCENT_COLOR_NAME = AccentColor;
				CODE_SIGN_STYLE = Automatic;
				DEVELOPMENT_ASSET_PATHS = "\"VerticalPageTab/Preview Content\"";
				DEVELOPMENT_TEAM = YVJYSF7KJJ;
				ENABLE_PREVIEWS = YES;
				INFOPLIST_FILE = VerticalPageTab/Info.plist;
				IPHONEOS_DEPLOYMENT_TARGET = 14.0;
				LD_RUNPATH_SEARCH_PATHS = (
					"$(inherited)",
					"@executable_path/Frameworks",
				);
				PRODUCT_BUNDLE_IDENTIFIER = MaximMacari.VerticalPageTab;
				PRODUCT_NAME = "$(TARGET_NAME)";
				SWIFT_VERSION = 5.0;
				TARGETED_DEVICE_FAMILY = "1,2";
			};
			name = Debug;
		};
		9ED5025D25F54D3900F6B334 /* Release */ = {
			isa = XCBuildConfiguration;
			buildSettings = {
				ASSETCATALOG_COMPILER_APPICON_NAME = AppIcon;
				ASSETCATALOG_COMPILER_GLOBAL_ACCENT_COLOR_NAME = AccentColor;
				CODE_SIGN_STYLE = Automatic;
				DEVELOPMENT_ASSET_PATHS = "\"VerticalPageTab/Preview Content\"";
				DEVELOPMENT_TEAM = YVJYSF7KJJ;
				ENABLE_PREVIEWS = YES;
				INFOPLIST_FILE = VerticalPageTab/Info.plist;
				IPHONEOS_DEPLOYMENT_TARGET = 14.0;
				LD_RUNPATH_SEARCH_PATHS = (
					"$(inherited)",
					"@executable_path/Frameworks",
				);
				PRODUCT_BUNDLE_IDENTIFIER = MaximMacari.VerticalPageTab;
				PRODUCT_NAME = "$(TARGET_NAME)";
				SWIFT_VERSION = 5.0;
				TARGETED_DEVICE_FAMILY = "1,2";
			};
			name = Release;
		};
/* End XCBuildConfiguration section */

/* Begin XCConfigurationList section */
		9ED5024725F54D3500F6B334 /* Build configuration list for PBXProject "VerticalPageTab" */ = {
			isa = XCConfigurationList;
			buildConfigurations = (
				9ED5025925F54D3900F6B334 /* Debug */,
				9ED5025A25F54D3900F6B334 /* Release */,
			);
			defaultConfigurationIsVisible = 0;
			defaultConfigurationName = Release;
		};
		9ED5025B25F54D3900F6B334 /* Build configuration list for PBXNativeTarget "VerticalPageTab" */ = {
			isa = XCConfigurationList;
			buildConfigurations = (
				9ED5025C25F54D3900F6B334 /* Debug */,
				9ED5025D25F54D3900F6B334 /* Release */,
			);
			defaultConfigurationIsVisible = 0;
			defaultConfigurationName = Release;
		};
/* End XCConfigurationList section */
	};
	rootObject = 9ED5024425F54D3500F6B334 /* Project object */;
}
